
Microsoft Visual Studio Solution File, Format Version 12.00
# Visual Studio Version 17
VisualStudioVersion = 17.5.33627.172
MinimumVisualStudioVersion = 10.0.40219.1
Project("{FAE04EC0-301F-11D3-BF4B-00C04F79EFBC}") = "Core.Persistence", "Core.Persistence\Core.Persistence.csproj", "{5CB9BE55-E46D-4FA4-9388-1F47DFDFBFFB}"
EndProject
Global
	GlobalSection(SolutionConfigurationPlatforms) = preSolution
		Debug|Any CPU = Debug|Any CPU
		Release|Any CPU = Release|Any CPU
	EndGlobalSection
	GlobalSection(ProjectConfigurationPlatforms) = postSolution
		{5CB9BE55-E46D-4FA4-9388-1F47DFDFBFFB}.Debug|Any CPU.ActiveCfg = Debug|Any CPU
		{5CB9BE55-E46D-4FA4-9388-1F47DFDFBFFB}.Debug|Any CPU.Build.0 = Debug|Any CPU
		{5CB9BE55-E46D-4FA4-9388-1F47DFDFBFFB}.Release|Any CPU.ActiveCfg = Release|Any CPU
		{5CB9BE55-E46D-4FA4-9388-1F47DFDFBFFB}.Release|Any CPU.Build.0 = Release|Any CPU
	EndGlobalSection
	GlobalSection(SolutionProperties) = preSolution
		HideSolutionNode = FALSE
	EndGlobalSection
	GlobalSection(ExtensibilityGlobals) = postSolution
		SolutionGuid = {9B8C6777-CDC7-4028-BEE1-F2C1BF547873}
	EndGlobalSection
EndGlobal
